
Microsoft Visual Studio Solution File, Format Version 12.00
# Visual Studio Version 17
VisualStudioVersion = 17.9.34728.123
MinimumVisualStudioVersion = 10.0.40219.1
Project("{8BC9CEB8-8B4A-11D0-8D11-00A0C91BC942}") = "tmp", "220_1\220_1.vcxproj", "{8FC9C51D-D1AD-428D-B8A8-FB88B08CD0AD}"
EndProject
Project("{8BC9CEB8-8B4A-11D0-8D11-00A0C91BC942}") = "221", "221\221.vcxproj", "{6A5EBE4A-09B4-47D2-A2EB-F7FA98DB4973}"
EndProject
Project("{8BC9CEB8-8B4A-11D0-8D11-00A0C91BC942}") = "222", "222\222.vcxproj", "{D41E9CA8-5CE6-4814-9094-526404B45FEC}"
EndProject
Project("{8BC9CEB8-8B4A-11D0-8D11-00A0C91BC942}") = "223", "223\223.vcxproj", "{6BAFDF22-473A-4FB9-AA19-7D075E7FFAEE}"
EndProject
Project("{8BC9CEB8-8B4A-11D0-8D11-00A0C91BC942}") = "224", "224\224.vcxproj", "{52385F7C-2A27-46E5-8995-A166107678E6}"
EndProject
Global
	GlobalSection(SolutionConfigurationPlatforms) = preSolution
		Debug|x64 = Debug|x64
		Debug|x86 = Debug|x86
		Release|x64 = Release|x64
		Release|x86 = Release|x86
	EndGlobalSection
	GlobalSection(ProjectConfigurationPlatforms) = postSolution
		{8FC9C51D-D1AD-428D-B8A8-FB88B08CD0AD}.Debug|x64.ActiveCfg = Debug|x64
		{8FC9C51D-D1AD-428D-B8A8-FB88B08CD0AD}.Debug|x64.Build.0 = Debug|x64
		{8FC9C51D-D1AD-428D-B8A8-FB88B08CD0AD}.Debug|x86.ActiveCfg = Debug|Win32
		{8FC9C51D-D1AD-428D-B8A8-FB88B08CD0AD}.Debug|x86.Build.0 = Debug|Win32
		{8FC9C51D-D1AD-428D-B8A8-FB88B08CD0AD}.Release|x64.ActiveCfg = Release|x64
		{8FC9C51D-D1AD-428D-B8A8-FB88B08CD0AD}.Release|x64.Build.0 = Release|x64
		{8FC9C51D-D1AD-428D-B8A8-FB88B08CD0AD}.Release|x86.ActiveCfg = Release|Win32
		{8FC9C51D-D1AD-428D-B8A8-FB88B08CD0AD}.Release|x86.Build.0 = Release|Win32
		{6A5EBE4A-09B4-47D2-A2EB-F7FA98DB4973}.Debug|x64.ActiveCfg = Debug|x64
		{6A5EBE4A-09B4-47D2-A2EB-F7FA98DB4973}.Debug|x64.Build.0 = Debug|x64
		{6A5EBE4A-09B4-47D2-A2EB-F7FA98DB4973}.Debug|x86.ActiveCfg = Debug|Win32
		{6A5EBE4A-09B4-47D2-A2EB-F7FA98DB4973}.Debug|x86.Build.0 = Debug|Win32
		{6A5EBE4A-09B4-47D2-A2EB-F7FA98DB4973}.Release|x64.ActiveCfg = Release|x64
		{6A5EBE4A-09B4-47D2-A2EB-F7FA98DB4973}.Release|x64.Build.0 = Release|x64
		{6A5EBE4A-09B4-47D2-A2EB-F7FA98DB4973}.Release|x86.ActiveCfg = Release|Win32
		{6A5EBE4A-09B4-47D2-A2EB-F7FA98DB4973}.Release|x86.Build.0 = Release|Win32
		{D41E9CA8-5CE6-4814-9094-526404B45FEC}.Debug|x64.ActiveCfg = Debug|x64
		{D41E9CA8-5CE6-4814-9094-526404B45FEC}.Debug|x64.Build.0 = Debug|x64
		{D41E9CA8-5CE6-4814-9094-526404B45FEC}.Debug|x86.ActiveCfg = Debug|Win32
		{D41E9CA8-5CE6-4814-9094-526404B45FEC}.Debug|x86.Build.0 = Debug|Win32
		{D41E9CA8-5CE6-4814-9094-526404B45FEC}.Release|x64.ActiveCfg = Release|x64
		{D41E9CA8-5CE6-4814-9094-526404B45FEC}.Release|x64.Build.0 = Release|x64
		{D41E9CA8-5CE6-4814-9094-526404B45FEC}.Release|x86.ActiveCfg = Release|Win32
		{D41E9CA8-5CE6-4814-9094-526404B45FEC}.Release|x86.Build.0 = Release|Win32
		{6BAFDF22-473A-4FB9-AA19-7D075E7FFAEE}.Debug|x64.ActiveCfg = Debug|x64
		{6BAFDF22-473A-4FB9-AA19-7D075E7FFAEE}.Debug|x64.Build.0 = Debug|x64
		{6BAFDF22-473A-4FB9-AA19-7D075E7FFAEE}.Debug|x86.ActiveCfg = Debug|Win32
		{6BAFDF22-473A-4FB9-AA19-7D075E7FFAEE}.Debug|x86.Build.0 = Debug|Win32
		{6BAFDF22-473A-4FB9-AA19-7D075E7FFAEE}.Release|x64.ActiveCfg = Release|x64
		{6BAFDF22-473A-4FB9-AA19-7D075E7FFAEE}.Release|x64.Build.0 = Release|x64
		{6BAFDF22-473A-4FB9-AA19-7D075E7FFAEE}.Release|x86.ActiveCfg = Release|Win32
		{6BAFDF22-473A-4FB9-AA19-7D075E7FFAEE}.Release|x86.Build.0 = Release|Win32
		{52385F7C-2A27-46E5-8995-A166107678E6}.Debug|x64.ActiveCfg = Debug|x64
		{52385F7C-2A27-46E5-8995-A166107678E6}.Debug|x64.Build.0 = Debug|x64
		{52385F7C-2A27-46E5-8995-A166107678E6}.Debug|x86.ActiveCfg = Debug|Win32
		{52385F7C-2A27-46E5-8995-A166107678E6}.Debug|x86.Build.0 = Debug|Win32
		{52385F7C-2A27-46E5-8995-A166107678E6}.Release|x64.ActiveCfg = Release|x64
		{52385F7C-2A27-46E5-8995-A166107678E6}.Release|x64.Build.0 = Release|x64
		{52385F7C-2A27-46E5-8995-A166107678E6}.Release|x86.ActiveCfg = Release|Win32
		{52385F7C-2A27-46E5-8995-A166107678E6}.Release|x86.Build.0 = Release|Win32
	EndGlobalSection
	GlobalSection(SolutionProperties) = preSolution
		HideSolutionNode = FALSE
	EndGlobalSection
	GlobalSection(ExtensibilityGlobals) = postSolution
		SolutionGuid = {8B5754B4-18DA-4065-88C5-88A5BAA62552}
	EndGlobalSection
EndGlobal
